
Microsoft Visual Studio Solution File, Format Version 12.00
# Visual Studio Version 17
VisualStudioVersion = 17.14.36310.24 d17.14
MinimumVisualStudioVersion = 10.0.40219.1
Project("{FAE04EC0-301F-11D3-BF4B-00C04F79EFBC}") = "aula 10", "aula 10.csproj", "{6317AD0E-81DE-4843-94B2-63BD92A87530}"
EndProject
Global
	GlobalSection(SolutionConfigurationPlatforms) = preSolution
		Debug|Any CPU = Debug|Any CPU
		Release|Any CPU = Release|Any CPU
	EndGlobalSection
	GlobalSection(ProjectConfigurationPlatforms) = postSolution
		{6317AD0E-81DE-4843-94B2-63BD92A87530}.Debug|Any CPU.ActiveCfg = Debug|Any CPU
		{6317AD0E-81DE-4843-94B2-63BD92A87530}.Debug|Any CPU.Build.0 = Debug|Any CPU
		{6317AD0E-81DE-4843-94B2-63BD92A87530}.Release|Any CPU.ActiveCfg = Release|Any CPU
		{6317AD0E-81DE-4843-94B2-63BD92A87530}.Release|Any CPU.Build.0 = Release|Any CPU
	EndGlobalSection
	GlobalSection(SolutionProperties) = preSolution
		HideSolutionNode = FALSE
	EndGlobalSection
	GlobalSection(ExtensibilityGlobals) = postSolution
		SolutionGuid = {9AD70A53-01E6-43A7-93BA-0145A2682D95}
	EndGlobalSection
EndGlobal
