
Microsoft Visual Studio Solution File, Format Version 12.00
# Visual Studio Version 17
VisualStudioVersion = 17.14.36310.24 d17.14
MinimumVisualStudioVersion = 10.0.40219.1
Project("{FAE04EC0-301F-11D3-BF4B-00C04F79EFBC}") = "aula 3", "aula 3.csproj", "{2CF1D1A4-3590-4FFD-A5EF-A3F644EB1ABE}"
EndProject
Global
	GlobalSection(SolutionConfigurationPlatforms) = preSolution
		Debug|Any CPU = Debug|Any CPU
		Release|Any CPU = Release|Any CPU
	EndGlobalSection
	GlobalSection(ProjectConfigurationPlatforms) = postSolution
		{2CF1D1A4-3590-4FFD-A5EF-A3F644EB1ABE}.Debug|Any CPU.ActiveCfg = Debug|Any CPU
		{2CF1D1A4-3590-4FFD-A5EF-A3F644EB1ABE}.Debug|Any CPU.Build.0 = Debug|Any CPU
		{2CF1D1A4-3590-4FFD-A5EF-A3F644EB1ABE}.Release|Any CPU.ActiveCfg = Release|Any CPU
		{2CF1D1A4-3590-4FFD-A5EF-A3F644EB1ABE}.Release|Any CPU.Build.0 = Release|Any CPU
	EndGlobalSection
	GlobalSection(SolutionProperties) = preSolution
		HideSolutionNode = FALSE
	EndGlobalSection
	GlobalSection(ExtensibilityGlobals) = postSolution
		SolutionGuid = {03FF8444-97DE-40F9-B97B-52982C9AEFB8}
	EndGlobalSection
EndGlobal
