
Microsoft Visual Studio Solution File, Format Version 12.00
# Visual Studio Version 17
VisualStudioVersion = 17.14.36310.24 d17.14
MinimumVisualStudioVersion = 10.0.40219.1
Project("{FAE04EC0-301F-11D3-BF4B-00C04F79EFBC}") = "aula 6", "aula 6.csproj", "{FC59487E-3C98-4DB6-A77F-B245EF6382FB}"
EndProject
Global
	GlobalSection(SolutionConfigurationPlatforms) = preSolution
		Debug|Any CPU = Debug|Any CPU
		Release|Any CPU = Release|Any CPU
	EndGlobalSection
	GlobalSection(ProjectConfigurationPlatforms) = postSolution
		{FC59487E-3C98-4DB6-A77F-B245EF6382FB}.Debug|Any CPU.ActiveCfg = Debug|Any CPU
		{FC59487E-3C98-4DB6-A77F-B245EF6382FB}.Debug|Any CPU.Build.0 = Debug|Any CPU
		{FC59487E-3C98-4DB6-A77F-B245EF6382FB}.Release|Any CPU.ActiveCfg = Release|Any CPU
		{FC59487E-3C98-4DB6-A77F-B245EF6382FB}.Release|Any CPU.Build.0 = Release|Any CPU
	EndGlobalSection
	GlobalSection(SolutionProperties) = preSolution
		HideSolutionNode = FALSE
	EndGlobalSection
	GlobalSection(ExtensibilityGlobals) = postSolution
		SolutionGuid = {95DE414A-96D0-43B7-A48B-499CB27B5139}
	EndGlobalSection
EndGlobal
